
Microsoft Visual Studio Solution File, Format Version 12.00
# Visual Studio Version 17
VisualStudioVersion = 17.9.34607.119
MinimumVisualStudioVersion = 10.0.40219.1
Project("{FAE04EC0-301F-11D3-BF4B-00C04F79EFBC}") = "Code", "Code.csproj", "{E747FA6A-BC1E-4369-89C3-E1BDF999385C}"
EndProject
Global
	GlobalSection(SolutionConfigurationPlatforms) = preSolution
		Debug|Any CPU = Debug|Any CPU
		Release|Any CPU = Release|Any CPU
	EndGlobalSection
	GlobalSection(ProjectConfigurationPlatforms) = postSolution
		{E747FA6A-BC1E-4369-89C3-E1BDF999385C}.Debug|Any CPU.ActiveCfg = Debug|Any CPU
		{E747FA6A-BC1E-4369-89C3-E1BDF999385C}.Debug|Any CPU.Build.0 = Debug|Any CPU
		{E747FA6A-BC1E-4369-89C3-E1BDF999385C}.Release|Any CPU.ActiveCfg = Release|Any CPU
		{E747FA6A-BC1E-4369-89C3-E1BDF999385C}.Release|Any CPU.Build.0 = Release|Any CPU
	EndGlobalSection
	GlobalSection(SolutionProperties) = preSolution
		HideSolutionNode = FALSE
	EndGlobalSection
	GlobalSection(ExtensibilityGlobals) = postSolution
		SolutionGuid = {DC582C99-8BBF-41FC-952E-70B33B8A98E9}
	EndGlobalSection
EndGlobal
